// !$*UTF8*$!
{
	archiveVersion = 1;
	classes = {
	};
	objectVersion = 77;
	objects = {

/* Begin PBXContainerItemProxy section */
		74201F8A2FDBF33500CCDC1F /* PBXContainerItemProxy */ = {
			isa = PBXContainerItemProxy;
			containerPortal = 74201F742FDBF33300CCDC1F /* Project object */;
			proxyType = 1;
			remoteGlobalIDString = 74201F7B2FDBF33300CCDC1F;
			remoteInfo = InterviewPractice;
		};
		74201F942FDBF33500CCDC1F /* PBXContainerItemProxy */ = {
			isa = PBXContainerItemProxy;
			containerPortal = 74201F742FDBF33300CCDC1F /* Project object */;
			proxyType = 1;
			remoteGlobalIDString = 74201F7B2FDBF33300CCDC1F;
			remoteInfo = InterviewPractice;
		};
/* End PBXContainerItemProxy section */

/* Begin PBXFileReference section */
		74201F7C2FDBF33300CCDC1F /* InterviewPractice.app */ = {isa = PBXFileReference; explicitFileType = wrapper.application; includeInIndex = 0; path = InterviewPractice.app; sourceTree = BUILT_PRODUCTS_DIR; };
		74201F892FDBF33500CCDC1F /* InterviewPracticeTests.xctest */ = {isa = PBXFileReference; explicitFileType = wrapper.cfbundle; includeInIndex = 0; path = InterviewPracticeTests.xctest; sourceTree = BUILT_PRODUCTS_DIR; };
		74201F932FDBF33500CCDC1F /* InterviewPracticeUITests.xctest */ = {isa = PBXFileReference; explicitFileType = wrapper.cfbundle; includeInIndex = 0; path = InterviewPracticeUITests.xctest; sourceTree = BUILT_PRODUCTS_DIR; };
/* End PBXFileReference section */

/* Begin PBXFileSystemSynchronizedRootGroup section */
		74201F7E2FDBF33300CCDC1F /* InterviewPractice */ = {
			isa = PBXFileSystemSynchronizedRootGroup;
			path = InterviewPractice;
			sourceTree = "<group>";
		};
		74201F8C2FDBF33500CCDC1F /* InterviewPracticeTests */ = {
			isa = PBXFileSystemSynchronizedRootGroup;
			path = InterviewPracticeTests;
			sourceTree = "<group>";
		};
		74201F962FDBF33500CCDC1F /* InterviewPracticeUITests */ = {
			isa = PBXFileSystemSynchronizedRootGroup;
			path = InterviewPracticeUITests;
			sourceTree = "<group>";
		};
/* End PBXFileSystemSynchronizedRootGroup section */

/* Begin PBXFrameworksBuildPhase section */
		74201F792FDBF33300CCDC1F /* Frameworks */ = {
			isa = PBXFrameworksBuildPhase;
			buildActionMask = 2147483647;
			files = (
			);
			runOnlyForDeploymentPostprocessing = 0;
		};
		74201F862FDBF33500CCDC1F /* Frameworks */ = {
			isa = PBXFrameworksBuildPhase;
			buildActionMask = 2147483647;
			files = (
			);
			runOnlyForDeploymentPostprocessing = 0;
		};
		74201F902FDBF33500CCDC1F /* Frameworks */ = {
			isa = PBXFrameworksBuildPhase;
			buildActionMask = 2147483647;
			files = (
			);
			runOnlyForDeploymentPostprocessing = 0;
		};
/* End PBXFrameworksBuildPhase section */

/* Begin PBXGroup section */
		74201F732FDBF33300CCDC1F = {
			isa = PBXGroup;
			children = (
				74201F7E2FDBF33300CCDC1F /* InterviewPractice */,
				74201F8C2FDBF33500CCDC1F /* InterviewPracticeTests */,
				74201F962FDBF33500CCDC1F /* InterviewPracticeUITests */,
				74201F7D2FDBF33300CCDC1F /* Products */,
			);
			sourceTree = "<group>";
		};
		74201F7D2FDBF33300CCDC1F /* Products */ = {
			isa = PBXGroup;
			children = (
				74201F7C2FDBF33300CCDC1F /* InterviewPractice.app */,
				74201F892FDBF33500CCDC1F /* InterviewPracticeTests.xctest */,
				74201F932FDBF33500CCDC1F /* InterviewPracticeUITests.xctest */,
			);
			name = Products;
			sourceTree = "<group>";
		};
/* End PBXGroup section */

/* Begin PBXNativeTarget section */
		74201F7B2FDBF33300CCDC1F /* InterviewPractice */ = {
			isa = PBXNativeTarget;
			buildConfigurationList = 74201F9D2FDBF33500CCDC1F /* Build configuration list for PBXNativeTarget "InterviewPractice" */;
			buildPhases = (
				74201F782FDBF33300CCDC1F /* Sources */,
				74201F792FDBF33300CCDC1F /* Frameworks */,
				74201F7A2FDBF33300CCDC1F /* Resources */,
			);
			buildRules = (
			);
			dependencies = (
			);
			fileSystemSynchronizedGroups = (
				74201F7E2FDBF33300CCDC1F /* InterviewPractice */,
			);
			name = InterviewPractice;
			packageProductDependencies = (
			);
			productName = InterviewPractice;
			productReference = 74201F7C2FDBF33300CCDC1F /* InterviewPractice.app */;
			productType = "com.apple.product-type.application";
		};
		74201F882FDBF33500CCDC1F /* InterviewPracticeTests */ = {
			isa = PBXNativeTarget;
			buildConfigurationList = 74201FA02FDBF33500CCDC1F /* Build configuration list for PBXNativeTarget "InterviewPracticeTests" */;
			buildPhases = (
				74201F852FDBF33500CCDC1F /* Sources */,
				74201F862FDBF33500CCDC1F /* Frameworks */,
				74201F872FDBF33500CCDC1F /* Resources */,
			);
			buildRules = (
			);
			dependencies = (
				74201F8B2FDBF33500CCDC1F /* PBXTargetDependency */,
			);
			fileSystemSynchronizedGroups = (
				74201F8C2FDBF33500CCDC1F /* InterviewPracticeTests */,
			);
			name = InterviewPracticeTests;
			packageProductDependencies = (
			);
			productName = InterviewPracticeTests;
			productReference = 74201F892FDBF33500CCDC1F /* InterviewPracticeTests.xctest */;
			productType = "com.apple.product-type.bundle.unit-test";
		};
		74201F922FDBF33500CCDC1F /* InterviewPracticeUITests */ = {
			isa = PBXNativeTarget;
			buildConfigurationList = 74201FA32FDBF33500CCDC1F /* Build configuration list for PBXNativeTarget "InterviewPracticeUITests" */;
			buildPhases = (
				74201F8F2FDBF33500CCDC1F /* Sources */,
				74201F902FDBF33500CCDC1F /* Frameworks */,
				74201F912FDBF33500CCDC1F /* Resources */,
			);
			buildRules = (
			);
			dependencies = (
				74201F952FDBF33500CCDC1F /* PBXTargetDependency */,
			);
			fileSystemSynchronizedGroups = (
				74201F962FDBF33500CCDC1F /* InterviewPracticeUITests */,
			);
			name = InterviewPracticeUITests;
			packageProductDependencies = (
			);
			productName = InterviewPracticeUITests;
			productReference = 74201F932FDBF33500CCDC1F /* InterviewPracticeUITests.xctest */;
			productType = "com.apple.product-type.bundle.ui-testing";
		};
/* End PBXNativeTarget section */

/* Begin PBXProject section */
		74201F742FDBF33300CCDC1F /* Project object */ = {
			isa = PBXProject;
			attributes = {
				BuildIndependentTargetsInParallel = 1;
				LastSwiftUpdateCheck = 1640;
				LastUpgradeCheck = 1640;
				TargetAttributes = {
					74201F7B2FDBF33300CCDC1F = {
						CreatedOnToolsVersion = 16.4;
					};
					74201F882FDBF33500CCDC1F = {
						CreatedOnToolsVersion = 16.4;
						TestTargetID = 74201F7B2FDBF33300CCDC1F;
					};
					74201F922FDBF33500CCDC1F = {
						CreatedOnToolsVersion = 16.4;
						TestTargetID = 74201F7B2FDBF33300CCDC1F;
					};
				};
			};
			buildConfigurationList = 74201F772FDBF33300CCDC1F /* Build configuration list for PBXProject "InterviewPractice" */;
			developmentRegion = en;
			hasScannedForEncodings = 0;
			knownRegions = (
				en,
				Base,
			);
			mainGroup = 74201F732FDBF33300CCDC1F;
			minimizedProjectReferenceProxies = 1;
			preferredProjectObjectVersion = 77;
			productRefGroup = 74201F7D2FDBF33300CCDC1F /* Products */;
			projectDirPath = "";
			projectRoot = "";
			targets = (
				74201F7B2FDBF33300CCDC1F /* InterviewPractice */,
				74201F882FDBF33500CCDC1F /* InterviewPracticeTests */,
				74201F922FDBF33500CCDC1F /* InterviewPracticeUITests */,
			);
		};
/* End PBXProject section */

/* Begin PBXResourcesBuildPhase section */
		74201F7A2FDBF33300CCDC1F /* Resources */ = {
			isa = PBXResourcesBuildPhase;
			buildActionMask = 2147483647;
			files = (
			);
			runOnlyForDeploymentPostprocessing = 0;
		};
		74201F872FDBF33500CCDC1F /* Resources */ = {
			isa = PBXResourcesBuildPhase;
			buildActionMask = 2147483647;
			files = (
			);
			runOnlyForDeploymentPostprocessing = 0;
		};
		74201F912FDBF33500CCDC1F /* Resources */ = {
			isa = PBXResourcesBuildPhase;
			buildActionMask = 2147483647;
			files = (
			);
			runOnlyForDeploymentPostprocessing = 0;
		};
/* End PBXResourcesBuildPhase section */

/* Begin PBXSourcesBuildPhase section */
		74201F782FDBF33300CCDC1F /* Sources */ = {
			isa = PBXSourcesBuildPhase;
			buildActionMask = 2147483647;
			files = (
			);
			runOnlyForDeploymentPostprocessing = 0;
		};
		74201F852FDBF33500CCDC1F /* Sources */ = {
			isa = PBXSourcesBuildPhase;
			buildActionMask = 2147483647;
			files = (
			);
			runOnlyForDeploymentPostprocessing = 0;
		};
		74201F8F2FDBF33500CCDC1F /* Sources */ = {
			isa = PBXSourcesBuildPhase;
			buildActionMask = 2147483647;
			files = (
			);
			runOnlyForDeploymentPostprocessing = 0;
		};
/* End PBXSourcesBuildPhase section */

/* Begin PBXTargetDependency section */
		74201F8B2FDBF33500CCDC1F /* PBXTargetDependency */ = {
			isa = PBXTargetDependency;
			target = 74201F7B2FDBF33300CCDC1F /* InterviewPractice */;
			targetProxy = 74201F8A2FDBF33500CCDC1F /* PBXContainerItemProxy */;
		};
		74201F952FDBF33500CCDC1F /* PBXTargetDependency */ = {
			isa = PBXTargetDependency;
			target = 74201F7B2FDBF33300CCDC1F /* InterviewPractice */;
			targetProxy = 74201F942FDBF33500CCDC1F /* PBXContainerItemProxy */;
		};
/* End PBXTargetDependency section */

/* Begin XCBuildConfiguration section */
		74201F9B2FDBF33500CCDC1F /* Debug */ = {
			isa = XCBuildConfiguration;
			buildSettings = {
				ALWAYS_SEARCH_USER_PATHS = NO;
				ASSETCATALOG_COMPILER_GENERATE_SWIFT_ASSET_SYMBOL_EXTENSIONS = YES;
				CLANG_ANALYZER_NONNULL = YES;
				CLANG_ANALYZER_NUMBER_OBJECT_CONVERSION = YES_AGGRESSIVE;
				CLANG_CXX_LANGUAGE_STANDARD = "gnu++20";
				CLANG_ENABLE_MODULES = YES;
				CLANG_ENABLE_OBJC_ARC = YES;
				CLANG_ENABLE_OBJC_WEAK = YES;
				CLANG_WARN_BLOCK_CAPTURE_AUTORELEASING = YES;
				CLANG_WARN_BOOL_CONVERSION = YES;
				CLANG_WARN_COMMA = YES;
				CLANG_WARN_CONSTANT_CONVERSION = YES;
				CLANG_WARN_DEPRECATED_OBJC_IMPLEMENTATIONS = YES;
				CLANG_WARN_DIRECT_OBJC_ISA_USAGE = YES_ERROR;
				CLANG_WARN_DOCUMENTATION_COMMENTS = YES;
				CLANG_WARN_EMPTY_BODY = YES;
				CLANG_WARN_ENUM_CONVERSION = YES;
				CLANG_WARN_INFINITE_RECURSION = YES;
				CLANG_WARN_INT_CONVERSION = YES;
				CLANG_WARN_NON_LITERAL_NULL_CONVERSION = YES;
				CLANG_WARN_OBJC_IMPLICIT_RETAIN_SELF = YES;
				CLANG_WARN_OBJC_LITERAL_CONVERSION = YES;
				CLANG_WARN_OBJC_ROOT_CLASS = YES_ERROR;
				CLANG_WARN_QUOTED_INCLUDE_IN_FRAMEWORK_HEADER = YES;
				CLANG_WARN_RANGE_LOOP_ANALYSIS = YES;
				CLANG_WARN_STRICT_PROTOTYPES = YES;
				CLANG_WARN_SUSPICIOUS_MOVE = YES;
				CLANG_WARN_UNGUARDED_AVAILABILITY = YES_AGGRESSIVE;
				CLANG_WARN_UNREACHABLE_CODE = YES;
				CLANG_WARN__DUPLICATE_METHOD_MATCH = YES;
				COPY_PHASE_STRIP = NO;
				DEBUG_INFORMATION_FORMAT = dwarf;
				DEVELOPMENT_TEAM = MT693H9C7M;
				ENABLE_STRICT_OBJC_MSGSEND = YES;
				ENABLE_TESTABILITY = YES;
				ENABLE_USER_SCRIPT_SANDBOXING = YES;
				GCC_C_LANGUAGE_STANDARD = gnu17;
				GCC_DYNAMIC_NO_PIC = NO;
				GCC_NO_COMMON_BLOCKS = YES;
				GCC_OPTIMIZATION_LEVEL = 0;
				GCC_PREPROCESSOR_DEFINITIONS = (
					"DEBUG=1",
					"$(inherited)",
				);
				GCC_WARN_64_TO_32_BIT_CONVERSION = YES;
				GCC_WARN_ABOUT_RETURN_TYPE = YES_ERROR;
				GCC_WARN_UNDECLARED_SELECTOR = YES;
				GCC_WARN_UNINITIALIZED_AUTOS = YES_AGGRESSIVE;
				GCC_WARN_UNUSED_FUNCTION = YES;
				GCC_WARN_UNUSED_VARIABLE = YES;
				IPHONEOS_DEPLOYMENT_TARGET = 18.5;
				LOCALIZATION_PREFERS_STRING_CATALOGS = YES;
				MTL_ENABLE_DEBUG_INFO = INCLUDE_SOURCE;
				MTL_FAST_MATH = YES;
				ONLY_ACTIVE_ARCH = YES;
				SDKROOT = iphoneos;
				SWIFT_ACTIVE_COMPILATION_CONDITIONS = "DEBUG $(inherited)";
				SWIFT_OPTIMIZATION_LEVEL = "-Onone";
			};
			name = Debug;
		};
		74201F9C2FDBF33500CCDC1F /* Release */ = {
			isa = XCBuildConfiguration;
			buildSettings = {
				ALWAYS_SEARCH_USER_PATHS = NO;
				ASSETCATALOG_COMPILER_GENERATE_SWIFT_ASSET_SYMBOL_EXTENSIONS = YES;
				CLANG_ANALYZER_NONNULL = YES;
				CLANG_ANALYZER_NUMBER_OBJECT_CONVERSION = YES_AGGRESSIVE;
				CLANG_CXX_LANGUAGE_STANDARD = "gnu++20";
				CLANG_ENABLE_MODULES = YES;
				CLANG_ENABLE_OBJC_ARC = YES;
				CLANG_ENABLE_OBJC_WEAK = YES;
				CLANG_WARN_BLOCK_CAPTURE_AUTORELEASING = YES;
				CLANG_WARN_BOOL_CONVERSION = YES;
				CLANG_WARN_COMMA = YES;
				CLANG_WARN_CONSTANT_CONVERSION = YES;
				CLANG_WARN_DEPRECATED_OBJC_IMPLEMENTATIONS = YES;
				CLANG_WARN_DIRECT_OBJC_ISA_USAGE = YES_ERROR;
				CLANG_WARN_DOCUMENTATION_COMMENTS = YES;
				CLANG_WARN_EMPTY_BODY = YES;
				CLANG_WARN_ENUM_CONVERSION = YES;
				CLANG_WARN_INFINITE_RECURSION = YES;
				CLANG_WARN_INT_CONVERSION = YES;
				CLANG_WARN_NON_LITERAL_NULL_CONVERSION = YES;
				CLANG_WARN_OBJC_IMPLICIT_RETAIN_SELF = YES;
				CLANG_WARN_OBJC_LITERAL_CONVERSION = YES;
				CLANG_WARN_OBJC_ROOT_CLASS = YES_ERROR;
				CLANG_WARN_QUOTED_INCLUDE_IN_FRAMEWORK_HEADER = YES;
				CLANG_WARN_RANGE_LOOP_ANALYSIS = YES;
				CLANG_WARN_STRICT_PROTOTYPES = YES;
				CLANG_WARN_SUSPICIOUS_MOVE = YES;
				CLANG_WARN_UNGUARDED_AVAILABILITY = YES_AGGRESSIVE;
				CLANG_WARN_UNREACHABLE_CODE = YES;
				CLANG_WARN__DUPLICATE_METHOD_MATCH = YES;
				COPY_PHASE_STRIP = NO;
				DEBUG_INFORMATION_FORMAT = "dwarf-with-dsym";
				DEVELOPMENT_TEAM = MT693H9C7M;
				ENABLE_NS_ASSERTIONS = NO;
				ENABLE_STRICT_OBJC_MSGSEND = YES;
				ENABLE_USER_SCRIPT_SANDBOXING = YES;
				GCC_C_LANGUAGE_STANDARD = gnu17;
				GCC_NO_COMMON_BLOCKS = YES;
				GCC_WARN_64_TO_32_BIT_CONVERSION = YES;
				GCC_WARN_ABOUT_RETURN_TYPE = YES_ERROR;
				GCC_WARN_UNDECLARED_SELECTOR = YES;
				GCC_WARN_UNINITIALIZED_AUTOS = YES_AGGRESSIVE;
				GCC_WARN_UNUSED_FUNCTION = YES;
				GCC_WARN_UNUSED_VARIABLE = YES;
				IPHONEOS_DEPLOYMENT_TARGET = 18.5;
				LOCALIZATION_PREFERS_STRING_CATALOGS = YES;
				MTL_ENABLE_DEBUG_INFO = NO;
				MTL_FAST_MATH = YES;
				SDKROOT = iphoneos;
				SWIFT_COMPILATION_MODE = wholemodule;
				VALIDATE_PRODUCT = YES;
			};
			name = Release;
		};
		74201F9E2FDBF33500CCDC1F /* Debug */ = {
			isa = XCBuildConfiguration;
			buildSettings = {
				ASSETCATALOG_COMPILER_APPICON_NAME = AppIcon;
				ASSETCATALOG_COMPILER_GLOBAL_ACCENT_COLOR_NAME = AccentColor;
				CODE_SIGN_STYLE = Automatic;
				CURRENT_PROJECT_VERSION = 1;
				DEVELOPMENT_TEAM = MT693H9C7M;
				ENABLE_PREVIEWS = YES;
				GENERATE_INFOPLIST_FILE = YES;
				INFOPLIST_KEY_UIApplicationSceneManifest_Generation = YES;
				INFOPLIST_KEY_UIApplicationSupportsIndirectInputEvents = YES;
				INFOPLIST_KEY_UILaunchScreen_Generation = YES;
				INFOPLIST_KEY_UISupportedInterfaceOrientations_iPad = "UIInterfaceOrientationPortrait UIInterfaceOrientationPortraitUpsideDown UIInterfaceOrientationLandscapeLeft UIInterfaceOrientationLandscapeRight";
				INFOPLIST_KEY_UISupportedInterfaceOrientations_iPhone = "UIInterfaceOrientationPortrait UIInterfaceOrientationLandscapeLeft UIInterfaceOrientationLandscapeRight";
				LD_RUNPATH_SEARCH_PATHS = (
					"$(inherited)",
					"@executable_path/Frameworks",
				);
				MARKETING_VERSION = 1.0;
				PRODUCT_BUNDLE_IDENTIFIER = "-.InterviewPractice";
				PRODUCT_NAME = "$(TARGET_NAME)";
				SWIFT_EMIT_LOC_STRINGS = YES;
				SWIFT_VERSION = 5.0;
				TARGETED_DEVICE_FAMILY = "1,2";
			};
			name = Debug;
		};
		74201F9F2FDBF33500CCDC1F /* Release */ = {
			isa = XCBuildConfiguration;
			buildSettings = {
				ASSETCATALOG_COMPILER_APPICON_NAME = AppIcon;
				ASSETCATALOG_COMPILER_GLOBAL_ACCENT_COLOR_NAME = AccentColor;
				CODE_SIGN_STYLE = Automatic;
				CURRENT_PROJECT_VERSION = 1;
				DEVELOPMENT_TEAM = MT693H9C7M;
				ENABLE_PREVIEWS = YES;
				GENERATE_INFOPLIST_FILE = YES;
				INFOPLIST_KEY_UIApplicationSceneManifest_Generation = YES;
				INFOPLIST_KEY_UIApplicationSupportsIndirectInputEvents = YES;
				INFOPLIST_KEY_UILaunchScreen_Generation = YES;
				INFOPLIST_KEY_UISupportedInterfaceOrientations_iPad = "UIInterfaceOrientationPortrait UIInterfaceOrientationPortraitUpsideDown UIInterfaceOrientationLandscapeLeft UIInterfaceOrientationLandscapeRight";
				INFOPLIST_KEY_UISupportedInterfaceOrientations_iPhone = "UIInterfaceOrientationPortrait UIInterfaceOrientationLandscapeLeft UIInterfaceOrientationLandscapeRight";
				LD_RUNPATH_SEARCH_PATHS = (
					"$(inherited)",
					"@executable_path/Frameworks",
				);
				MARKETING_VERSION = 1.0;
				PRODUCT_BUNDLE_IDENTIFIER = "-.InterviewPractice";
				PRODUCT_NAME = "$(TARGET_NAME)";
				SWIFT_EMIT_LOC_STRINGS = YES;
				SWIFT_VERSION = 5.0;
				TARGETED_DEVICE_FAMILY = "1,2";
			};
			name = Release;
		};
		74201FA12FDBF33500CCDC1F /* Debug */ = {
			isa = XCBuildConfiguration;
			buildSettings = {
				BUNDLE_LOADER = "$(TEST_HOST)";
				CODE_SIGN_STYLE = Automatic;
				CURRENT_PROJECT_VERSION = 1;
				DEVELOPMENT_TEAM = MT693H9C7M;
				GENERATE_INFOPLIST_FILE = YES;
				IPHONEOS_DEPLOYMENT_TARGET = 18.5;
				MARKETING_VERSION = 1.0;
				PRODUCT_BUNDLE_IDENTIFIER = "-.InterviewPracticeTests";
				PRODUCT_NAME = "$(TARGET_NAME)";
				SWIFT_EMIT_LOC_STRINGS = NO;
				SWIFT_VERSION = 5.0;
				TARGETED_DEVICE_FAMILY = "1,2";
				TEST_HOST = "$(BUILT_PRODUCTS_DIR)/InterviewPractice.app/$(BUNDLE_EXECUTABLE_FOLDER_PATH)/InterviewPractice";
			};
			name = Debug;
		};
		74201FA22FDBF33500CCDC1F /* Release */ = {
			isa = XCBuildConfiguration;
			buildSettings = {
				BUNDLE_LOADER = "$(TEST_HOST)";
				CODE_SIGN_STYLE = Automatic;
				CURRENT_PROJECT_VERSION = 1;
				DEVELOPMENT_TEAM = MT693H9C7M;
				GENERATE_INFOPLIST_FILE = YES;
				IPHONEOS_DEPLOYMENT_TARGET = 18.5;
				MARKETING_VERSION = 1.0;
				PRODUCT_BUNDLE_IDENTIFIER = "-.InterviewPracticeTests";
				PRODUCT_NAME = "$(TARGET_NAME)";
				SWIFT_EMIT_LOC_STRINGS = NO;
				SWIFT_VERSION = 5.0;
				TARGETED_DEVICE_FAMILY = "1,2";
				TEST_HOST = "$(BUILT_PRODUCTS_DIR)/InterviewPractice.app/$(BUNDLE_EXECUTABLE_FOLDER_PATH)/InterviewPractice";
			};
			name = Release;
		};
		74201FA42FDBF33500CCDC1F /* Debug */ = {
			isa = XCBuildConfiguration;
			buildSettings = {
				CODE_SIGN_STYLE = Automatic;
				CURRENT_PROJECT_VERSION = 1;
				DEVELOPMENT_TEAM = MT693H9C7M;
				GENERATE_INFOPLIST_FILE = YES;
				MARKETING_VERSION = 1.0;
				PRODUCT_BUNDLE_IDENTIFIER = "-.InterviewPracticeUITests";
				PRODUCT_NAME = "$(TARGET_NAME)";
				SWIFT_EMIT_LOC_STRINGS = NO;
				SWIFT_VERSION = 5.0;
				TARGETED_DEVICE_FAMILY = "1,2";
				TEST_TARGET_NAME = InterviewPractice;
			};
			name = Debug;
		};
		74201FA52FDBF33500CCDC1F /* Release */ = {
			isa = XCBuildConfiguration;
			buildSettings = {
				CODE_SIGN_STYLE = Automatic;
				CURRENT_PROJECT_VERSION = 1;
				DEVELOPMENT_TEAM = MT693H9C7M;
				GENERATE_INFOPLIST_FILE = YES;
				MARKETING_VERSION = 1.0;
				PRODUCT_BUNDLE_IDENTIFIER = "-.InterviewPracticeUITests";
				PRODUCT_NAME = "$(TARGET_NAME)";
				SWIFT_EMIT_LOC_STRINGS = NO;
				SWIFT_VERSION = 5.0;
				TARGETED_DEVICE_FAMILY = "1,2";
				TEST_TARGET_NAME = InterviewPractice;
			};
			name = Release;
		};
/* End XCBuildConfiguration section */

/* Begin XCConfigurationList section */
		74201F772FDBF33300CCDC1F /* Build configuration list for PBXProject "InterviewPractice" */ = {
			isa = XCConfigurationList;
			buildConfigurations = (
				74201F9B2FDBF33500CCDC1F /* Debug */,
				74201F9C2FDBF33500CCDC1F /* Release */,
			);
			defaultConfigurationIsVisible = 0;
			defaultConfigurationName = Release;
		};
		74201F9D2FDBF33500CCDC1F /* Build configuration list for PBXNativeTarget "InterviewPractice" */ = {
			isa = XCConfigurationList;
			buildConfigurations = (
				74201F9E2FDBF33500CCDC1F /* Debug */,
				74201F9F2FDBF33500CCDC1F /* Release */,
			);
			defaultConfigurationIsVisible = 0;
			defaultConfigurationName = Release;
		};
		74201FA02FDBF33500CCDC1F /* Build configuration list for PBXNativeTarget "InterviewPracticeTests" */ = {
			isa = XCConfigurationList;
			buildConfigurations = (
				74201FA12FDBF33500CCDC1F /* Debug */,
				74201FA22FDBF33500CCDC1F /* Release */,
			);
			defaultConfigurationIsVisible = 0;
			defaultConfigurationName = Release;
		};
		74201FA32FDBF33500CCDC1F /* Build configuration list for PBXNativeTarget "InterviewPracticeUITests" */ = {
			isa = XCConfigurationList;
			buildConfigurations = (
				74201FA42FDBF33500CCDC1F /* Debug */,
				74201FA52FDBF33500CCDC1F /* Release */,
			);
			defaultConfigurationIsVisible = 0;
			defaultConfigurationName = Release;
		};
/* End XCConfigurationList section */
	};
	rootObject = 74201F742FDBF33300CCDC1F /* Project object */;
}
